
Microsoft Visual Studio Solution File, Format Version 12.00
# Visual Studio 14
VisualStudioVersion = 14.0.25123.0
MinimumVisualStudioVersion = 10.0.40219.1
Project("{FAE04EC0-301F-11D3-BF4B-00C04F79EFBC}") = "WinBoyEmulator.Rendering", "WinBoyEmulator.Rendering\WinBoyEmulator.Rendering.csproj", "{8146A6A9-A5F8-4BC2-945B-468EEBBC31FC}"
EndProject
Project("{FAE04EC0-301F-11D3-BF4B-00C04F79EFBC}") = "WinBoyEmulator.Forms", "WinBoyEmulator.Forms\WinBoyEmulator.Forms.csproj", "{84C42673-DC1E-4DAD-A186-943BA40760CD}"
EndProject
Project("{FAE04EC0-301F-11D3-BF4B-00C04F79EFBC}") = "WinBoyEmulator.Core", "WinBoyEmulator.Core\WinBoyEmulator.Core.csproj", "{75BD1444-92CC-4C29-B9AC-7EAC99E8FD84}"
EndProject
Project("{FAE04EC0-301F-11D3-BF4B-00C04F79EFBC}") = "WinBoyEmulator.Emulation", "WinBoyEmulator.Emulation\WinBoyEmulator.Emulation.csproj", "{CF6174AA-3103-46C2-95DB-586BE9031A87}"
EndProject
Project("{FAE04EC0-301F-11D3-BF4B-00C04F79EFBC}") = "WinBoyEmulator.GameBoy", "WinBoyEmulator.GameBoy\WinBoyEmulator.GameBoy.csproj", "{7689684F-8CF6-4476-905F-1F0CCA95C93C}"
EndProject
Project("{FAE04EC0-301F-11D3-BF4B-00C04F79EFBC}") = "WinBoyEmulator.EmulatorBase", "WinBoyEmulator.EmulatorBase\WinBoyEmulator.EmulatorBase.csproj", "{96C33478-26B4-44C5-9C00-E2EA3E6B64DB}"
EndProject
Global
	GlobalSection(SolutionConfigurationPlatforms) = preSolution
		Debug|Any CPU = Debug|Any CPU
		Debug|ARM = Debug|ARM
		Debug|x64 = Debug|x64
		Debug|x86 = Debug|x86
		Release|Any CPU = Release|Any CPU
		Release|ARM = Release|ARM
		Release|x64 = Release|x64
		Release|x86 = Release|x86
	EndGlobalSection
	GlobalSection(ProjectConfigurationPlatforms) = postSolution
		{8146A6A9-A5F8-4BC2-945B-468EEBBC31FC}.Debug|Any CPU.ActiveCfg = Debug|Any CPU
		{8146A6A9-A5F8-4BC2-945B-468EEBBC31FC}.Debug|Any CPU.Build.0 = Debug|Any CPU
		{8146A6A9-A5F8-4BC2-945B-468EEBBC31FC}.Debug|ARM.ActiveCfg = Debug|Any CPU
		{8146A6A9-A5F8-4BC2-945B-468EEBBC31FC}.Debug|ARM.Build.0 = Debug|Any CPU
		{8146A6A9-A5F8-4BC2-945B-468EEBBC31FC}.Debug|x64.ActiveCfg = Debug|Any CPU
		{8146A6A9-A5F8-4BC2-945B-468EEBBC31FC}.Debug|x64.Build.0 = Debug|Any CPU
		{8146A6A9-A5F8-4BC2-945B-468EEBBC31FC}.Debug|x86.ActiveCfg = Debug|Any CPU
		{8146A6A9-A5F8-4BC2-945B-468EEBBC31FC}.Debug|x86.Build.0 = Debug|Any CPU
		{8146A6A9-A5F8-4BC2-945B-468EEBBC31FC}.Release|Any CPU.ActiveCfg = Release|Any CPU
		{8146A6A9-A5F8-4BC2-945B-468EEBBC31FC}.Release|Any CPU.Build.0 = Release|Any CPU
		{8146A6A9-A5F8-4BC2-945B-468EEBBC31FC}.Release|ARM.ActiveCfg = Release|Any CPU
		{8146A6A9-A5F8-4BC2-945B-468EEBBC31FC}.Release|ARM.Build.0 = Release|Any CPU
		{8146A6A9-A5F8-4BC2-945B-468EEBBC31FC}.Release|x64.ActiveCfg = Release|Any CPU
		{8146A6A9-A5F8-4BC2-945B-468EEBBC31FC}.Release|x64.Build.0 = Release|Any CPU
		{8146A6A9-A5F8-4BC2-945B-468EEBBC31FC}.Release|x86.ActiveCfg = Release|Any CPU
		{8146A6A9-A5F8-4BC2-945B-468EEBBC31FC}.Release|x86.Build.0 = Release|Any CPU
		{84C42673-DC1E-4DAD-A186-943BA40760CD}.Debug|Any CPU.ActiveCfg = Debug|Any CPU
		{84C42673-DC1E-4DAD-A186-943BA40760CD}.Debug|Any CPU.Build.0 = Debug|Any CPU
		{84C42673-DC1E-4DAD-A186-943BA40760CD}.Debug|ARM.ActiveCfg = Debug|Any CPU
		{84C42673-DC1E-4DAD-A186-943BA40760CD}.Debug|ARM.Build.0 = Debug|Any CPU
		{84C42673-DC1E-4DAD-A186-943BA40760CD}.Debug|x64.ActiveCfg = Debug|Any CPU
		{84C42673-DC1E-4DAD-A186-943BA40760CD}.Debug|x64.Build.0 = Debug|Any CPU
		{84C42673-DC1E-4DAD-A186-943BA40760CD}.Debug|x86.ActiveCfg = Debug|Any CPU
		{84C42673-DC1E-4DAD-A186-943BA40760CD}.Debug|x86.Build.0 = Debug|Any CPU
		{84C42673-DC1E-4DAD-A186-943BA40760CD}.Release|Any CPU.ActiveCfg = Release|Any CPU
		{84C42673-DC1E-4DAD-A186-943BA40760CD}.Release|Any CPU.Build.0 = Release|Any CPU
		{84C42673-DC1E-4DAD-A186-943BA40760CD}.Release|ARM.ActiveCfg = Release|Any CPU
		{84C42673-DC1E-4DAD-A186-943BA40760CD}.Release|ARM.Build.0 = Release|Any CPU
		{84C42673-DC1E-4DAD-A186-943BA40760CD}.Release|x64.ActiveCfg = Release|Any CPU
		{84C42673-DC1E-4DAD-A186-943BA40760CD}.Release|x64.Build.0 = Release|Any CPU
		{84C42673-DC1E-4DAD-A186-943BA40760CD}.Release|x86.ActiveCfg = Release|Any CPU
		{84C42673-DC1E-4DAD-A186-943BA40760CD}.Release|x86.Build.0 = Release|Any CPU
		{75BD1444-92CC-4C29-B9AC-7EAC99E8FD84}.Debug|Any CPU.ActiveCfg = Debug|Any CPU
		{75BD1444-92CC-4C29-B9AC-7EAC99E8FD84}.Debug|Any CPU.Build.0 = Debug|Any CPU
		{75BD1444-92CC-4C29-B9AC-7EAC99E8FD84}.Debug|ARM.ActiveCfg = Debug|Any CPU
		{75BD1444-92CC-4C29-B9AC-7EAC99E8FD84}.Debug|ARM.Build.0 = Debug|Any CPU
		{75BD1444-92CC-4C29-B9AC-7EAC99E8FD84}.Debug|x64.ActiveCfg = Debug|Any CPU
		{75BD1444-92CC-4C29-B9AC-7EAC99E8FD84}.Debug|x64.Build.0 = Debug|Any CPU
		{75BD1444-92CC-4C29-B9AC-7EAC99E8FD84}.Debug|x86.ActiveCfg = Debug|Any CPU
		{75BD1444-92CC-4C29-B9AC-7EAC99E8FD84}.Debug|x86.Build.0 = Debug|Any CPU
		{75BD1444-92CC-4C29-B9AC-7EAC99E8FD84}.Release|Any CPU.ActiveCfg = Release|Any CPU
		{75BD1444-92CC-4C29-B9AC-7EAC99E8FD84}.Release|Any CPU.Build.0 = Release|Any CPU
		{75BD1444-92CC-4C29-B9AC-7EAC99E8FD84}.Release|ARM.ActiveCfg = Release|Any CPU
		{75BD1444-92CC-4C29-B9AC-7EAC99E8FD84}.Release|ARM.Build.0 = Release|Any CPU
		{75BD1444-92CC-4C29-B9AC-7EAC99E8FD84}.Release|x64.ActiveCfg = Release|Any CPU
		{75BD1444-92CC-4C29-B9AC-7EAC99E8FD84}.Release|x64.Build.0 = Release|Any CPU
		{75BD1444-92CC-4C29-B9AC-7EAC99E8FD84}.Release|x86.ActiveCfg = Release|Any CPU
		{75BD1444-92CC-4C29-B9AC-7EAC99E8FD84}.Release|x86.Build.0 = Release|Any CPU
		{CF6174AA-3103-46C2-95DB-586BE9031A87}.Debug|Any CPU.ActiveCfg = Debug|Any CPU
		{CF6174AA-3103-46C2-95DB-586BE9031A87}.Debug|Any CPU.Build.0 = Debug|Any CPU
		{CF6174AA-3103-46C2-95DB-586BE9031A87}.Debug|ARM.ActiveCfg = Debug|Any CPU
		{CF6174AA-3103-46C2-95DB-586BE9031A87}.Debug|ARM.Build.0 = Debug|Any CPU
		{CF6174AA-3103-46C2-95DB-586BE9031A87}.Debug|x64.ActiveCfg = Debug|Any CPU
		{CF6174AA-3103-46C2-95DB-586BE9031A87}.Debug|x64.Build.0 = Debug|Any CPU
		{CF6174AA-3103-46C2-95DB-586BE9031A87}.Debug|x86.ActiveCfg = Debug|Any CPU
		{CF6174AA-3103-46C2-95DB-586BE9031A87}.Debug|x86.Build.0 = Debug|Any CPU
		{CF6174AA-3103-46C2-95DB-586BE9031A87}.Release|Any CPU.ActiveCfg = Release|Any CPU
		{CF6174AA-3103-46C2-95DB-586BE9031A87}.Release|Any CPU.Build.0 = Release|Any CPU
		{CF6174AA-3103-46C2-95DB-586BE9031A87}.Release|ARM.ActiveCfg = Release|Any CPU
		{CF6174AA-3103-46C2-95DB-586BE9031A87}.Release|ARM.Build.0 = Release|Any CPU
		{CF6174AA-3103-46C2-95DB-586BE9031A87}.Release|x64.ActiveCfg = Release|Any CPU
		{CF6174AA-3103-46C2-95DB-586BE9031A87}.Release|x64.Build.0 = Release|Any CPU
		{CF6174AA-3103-46C2-95DB-586BE9031A87}.Release|x86.ActiveCfg = Release|Any CPU
		{CF6174AA-3103-46C2-95DB-586BE9031A87}.Release|x86.Build.0 = Release|Any CPU
		{7689684F-8CF6-4476-905F-1F0CCA95C93C}.Debug|Any CPU.ActiveCfg = Debug|Any CPU
		{7689684F-8CF6-4476-905F-1F0CCA95C93C}.Debug|Any CPU.Build.0 = Debug|Any CPU
		{7689684F-8CF6-4476-905F-1F0CCA95C93C}.Debug|ARM.ActiveCfg = Debug|Any CPU
		{7689684F-8CF6-4476-905F-1F0CCA95C93C}.Debug|ARM.Build.0 = Debug|Any CPU
		{7689684F-8CF6-4476-905F-1F0CCA95C93C}.Debug|x64.ActiveCfg = Debug|Any CPU
		{7689684F-8CF6-4476-905F-1F0CCA95C93C}.Debug|x64.Build.0 = Debug|Any CPU
		{7689684F-8CF6-4476-905F-1F0CCA95C93C}.Debug|x86.ActiveCfg = Debug|Any CPU
		{7689684F-8CF6-4476-905F-1F0CCA95C93C}.Debug|x86.Build.0 = Debug|Any CPU
		{7689684F-8CF6-4476-905F-1F0CCA95C93C}.Release|Any CPU.ActiveCfg = Release|Any CPU
		{7689684F-8CF6-4476-905F-1F0CCA95C93C}.Release|Any CPU.Build.0 = Release|Any CPU
		{7689684F-8CF6-4476-905F-1F0CCA95C93C}.Release|ARM.ActiveCfg = Release|Any CPU
		{7689684F-8CF6-4476-905F-1F0CCA95C93C}.Release|ARM.Build.0 = Release|Any CPU
		{7689684F-8CF6-4476-905F-1F0CCA95C93C}.Release|x64.ActiveCfg = Release|Any CPU
		{7689684F-8CF6-4476-905F-1F0CCA95C93C}.Release|x64.Build.0 = Release|Any CPU
		{7689684F-8CF6-4476-905F-1F0CCA95C93C}.Release|x86.ActiveCfg = Release|Any CPU
		{7689684F-8CF6-4476-905F-1F0CCA95C93C}.Release|x86.Build.0 = Release|Any CPU
		{96C33478-26B4-44C5-9C00-E2EA3E6B64DB}.Debug|Any CPU.ActiveCfg = Debug|Any CPU
		{96C33478-26B4-44C5-9C00-E2EA3E6B64DB}.Debug|Any CPU.Build.0 = Debug|Any CPU
		{96C33478-26B4-44C5-9C00-E2EA3E6B64DB}.Debug|ARM.ActiveCfg = Debug|Any CPU
		{96C33478-26B4-44C5-9C00-E2EA3E6B64DB}.Debug|ARM.Build.0 = Debug|Any CPU
		{96C33478-26B4-44C5-9C00-E2EA3E6B64DB}.Debug|x64.ActiveCfg = Debug|Any CPU
		{96C33478-26B4-44C5-9C00-E2EA3E6B64DB}.Debug|x64.Build.0 = Debug|Any CPU
		{96C33478-26B4-44C5-9C00-E2EA3E6B64DB}.Debug|x86.ActiveCfg = Debug|Any CPU
		{96C33478-26B4-44C5-9C00-E2EA3E6B64DB}.Debug|x86.Build.0 = Debug|Any CPU
		{96C33478-26B4-44C5-9C00-E2EA3E6B64DB}.Release|Any CPU.ActiveCfg = Release|Any CPU
		{96C33478-26B4-44C5-9C00-E2EA3E6B64DB}.Release|Any CPU.Build.0 = Release|Any CPU
		{96C33478-26B4-44C5-9C00-E2EA3E6B64DB}.Release|ARM.ActiveCfg = Release|Any CPU
		{96C33478-26B4-44C5-9C00-E2EA3E6B64DB}.Release|ARM.Build.0 = Release|Any CPU
		{96C33478-26B4-44C5-9C00-E2EA3E6B64DB}.Release|x64.ActiveCfg = Release|Any CPU
		{96C33478-26B4-44C5-9C00-E2EA3E6B64DB}.Release|x64.Build.0 = Release|Any CPU
		{96C33478-26B4-44C5-9C00-E2EA3E6B64DB}.Release|x86.ActiveCfg = Release|Any CPU
		{96C33478-26B4-44C5-9C00-E2EA3E6B64DB}.Release|x86.Build.0 = Release|Any CPU
	EndGlobalSection
	GlobalSection(SolutionProperties) = preSolution
		HideSolutionNode = FALSE
	EndGlobalSection
EndGlobal
